
Microsoft Visual Studio Solution File, Format Version 12.00
# Visual Studio Version 17
VisualStudioVersion = 17.8.34525.116
MinimumVisualStudioVersion = 10.0.40219.1
Project("{FAE04EC0-301F-11D3-BF4B-00C04F79EFBC}") = "Tasks", "Tasks\Tasks.csproj", "{9F0D6858-D0AB-4D15-B0EF-884C4E9654DC}"
EndProject
Project("{FAE04EC0-301F-11D3-BF4B-00C04F79EFBC}") = "ClassLibrary", "ClassLibrary\ClassLibrary.csproj", "{AB145FBF-0FEF-4EF7-8C51-B85A6F5A3771}"
EndProject
Global
	GlobalSection(SolutionConfigurationPlatforms) = preSolution
		Debug|Any CPU = Debug|Any CPU
		Release|Any CPU = Release|Any CPU
	EndGlobalSection
	GlobalSection(ProjectConfigurationPlatforms) = postSolution
		{9F0D6858-D0AB-4D15-B0EF-884C4E9654DC}.Debug|Any CPU.ActiveCfg = Debug|Any CPU
		{9F0D6858-D0AB-4D15-B0EF-884C4E9654DC}.Debug|Any CPU.Build.0 = Debug|Any CPU
		{9F0D6858-D0AB-4D15-B0EF-884C4E9654DC}.Release|Any CPU.ActiveCfg = Release|Any CPU
		{9F0D6858-D0AB-4D15-B0EF-884C4E9654DC}.Release|Any CPU.Build.0 = Release|Any CPU
		{AB145FBF-0FEF-4EF7-8C51-B85A6F5A3771}.Debug|Any CPU.ActiveCfg = Debug|Any CPU
		{AB145FBF-0FEF-4EF7-8C51-B85A6F5A3771}.Debug|Any CPU.Build.0 = Debug|Any CPU
		{AB145FBF-0FEF-4EF7-8C51-B85A6F5A3771}.Release|Any CPU.ActiveCfg = Release|Any CPU
		{AB145FBF-0FEF-4EF7-8C51-B85A6F5A3771}.Release|Any CPU.Build.0 = Release|Any CPU
	EndGlobalSection
	GlobalSection(SolutionProperties) = preSolution
		HideSolutionNode = FALSE
	EndGlobalSection
	GlobalSection(ExtensibilityGlobals) = postSolution
		SolutionGuid = {FA861EF1-05E8-498A-9E9F-C94D1FAFD0D9}
	EndGlobalSection
EndGlobal
